
Microsoft Visual Studio Solution File, Format Version 12.00
# Visual Studio 15
VisualStudioVersion = 15.0.28307.168
MinimumVisualStudioVersion = 10.0.40219.1
Project("{FAE04EC0-301F-11D3-BF4B-00C04F79EFBC}") = "WebApplication2", "WebApplication2\WebApplication2.csproj", "{C74E1BED-7C8E-4AC8-8C36-87A6CA808C0A}"
EndProject
Global
	GlobalSection(SolutionConfigurationPlatforms) = preSolution
		Debug|Any CPU = Debug|Any CPU
		Release|Any CPU = Release|Any CPU
	EndGlobalSection
	GlobalSection(ProjectConfigurationPlatforms) = postSolution
		{C74E1BED-7C8E-4AC8-8C36-87A6CA808C0A}.Debug|Any CPU.ActiveCfg = Debug|Any CPU
		{C74E1BED-7C8E-4AC8-8C36-87A6CA808C0A}.Debug|Any CPU.Build.0 = Debug|Any CPU
		{C74E1BED-7C8E-4AC8-8C36-87A6CA808C0A}.Release|Any CPU.ActiveCfg = Release|Any CPU
		{C74E1BED-7C8E-4AC8-8C36-87A6CA808C0A}.Release|Any CPU.Build.0 = Release|Any CPU
	EndGlobalSection
	GlobalSection(SolutionProperties) = preSolution
		HideSolutionNode = FALSE
	EndGlobalSection
	GlobalSection(ExtensibilityGlobals) = postSolution
		SolutionGuid = {E74E84D1-2887-4C9E-ADA4-B369A91FC8CB}
	EndGlobalSection
EndGlobal
